
Microsoft Visual Studio Solution File, Format Version 12.00
# Visual Studio Version 16
VisualStudioVersion = 16.0.29020.237
MinimumVisualStudioVersion = 10.0.40219.1
Project("{FAE04EC0-301F-11D3-BF4B-00C04F79EFBC}") = "NTSB", "NTSB\NTSB.csproj", "{6BF896F3-0BE8-49A4-A658-083B6876B6AA}"
EndProject
Global
	GlobalSection(SolutionConfigurationPlatforms) = preSolution
		Debug|Any CPU = Debug|Any CPU
		Release|Any CPU = Release|Any CPU
	EndGlobalSection
	GlobalSection(ProjectConfigurationPlatforms) = postSolution
		{6BF896F3-0BE8-49A4-A658-083B6876B6AA}.Debug|Any CPU.ActiveCfg = Debug|Any CPU
		{6BF896F3-0BE8-49A4-A658-083B6876B6AA}.Debug|Any CPU.Build.0 = Debug|Any CPU
		{6BF896F3-0BE8-49A4-A658-083B6876B6AA}.Release|Any CPU.ActiveCfg = Release|Any CPU
		{6BF896F3-0BE8-49A4-A658-083B6876B6AA}.Release|Any CPU.Build.0 = Release|Any CPU
	EndGlobalSection
	GlobalSection(SolutionProperties) = preSolution
		HideSolutionNode = FALSE
	EndGlobalSection
	GlobalSection(ExtensibilityGlobals) = postSolution
		SolutionGuid = {A661F6B6-E7B6-4665-AD7F-4E9C2BCB592E}
	EndGlobalSection
EndGlobal
